
Microsoft Visual Studio Solution File, Format Version 12.00
Project("{FAE04EC0-301F-11D3-BF4B-00C04F79EFBC}") = "ClientForge", "ClientForge.csproj", "{460C79FC-C4A1-4586-8BB6-47EEF1FDE294}"
EndProject
Project("{2150E333-8FDC-42A3-9474-1A3956D46DE8}") = "Solution Items", "Solution Items", "{08DAB76A-3B29-49DC-9913-7F612C5929D2}"
	ProjectSection(SolutionItems) = preProject
		compose.yaml = compose.yaml
	EndProjectSection
EndProject
Project("{2150E333-8FDC-42A3-9474-1A3956D46DE8}") = "Tests", "Tests", "{0AB3BF05-4346-4AA6-1389-037BE0695223}"
EndProject
Project("{FAE04EC0-301F-11D3-BF4B-00C04F79EFBC}") = "ClientForge.Tests", "Tests\ClientForge.Tests.csproj", "{9E73A1CB-BDC5-4E28-86CB-9E8D0E35B62C}"
EndProject
Global
	GlobalSection(SolutionConfigurationPlatforms) = preSolution
		Debug|Any CPU = Debug|Any CPU
		Debug|x64 = Debug|x64
		Debug|x86 = Debug|x86
		Release|Any CPU = Release|Any CPU
		Release|x64 = Release|x64
		Release|x86 = Release|x86
	EndGlobalSection
	GlobalSection(ProjectConfigurationPlatforms) = postSolution
		{460C79FC-C4A1-4586-8BB6-47EEF1FDE294}.Debug|Any CPU.ActiveCfg = Debug|Any CPU
		{460C79FC-C4A1-4586-8BB6-47EEF1FDE294}.Debug|Any CPU.Build.0 = Debug|Any CPU
		{460C79FC-C4A1-4586-8BB6-47EEF1FDE294}.Debug|x64.ActiveCfg = Debug|Any CPU
		{460C79FC-C4A1-4586-8BB6-47EEF1FDE294}.Debug|x64.Build.0 = Debug|Any CPU
		{460C79FC-C4A1-4586-8BB6-47EEF1FDE294}.Debug|x86.ActiveCfg = Debug|Any CPU
		{460C79FC-C4A1-4586-8BB6-47EEF1FDE294}.Debug|x86.Build.0 = Debug|Any CPU
		{460C79FC-C4A1-4586-8BB6-47EEF1FDE294}.Release|Any CPU.ActiveCfg = Release|Any CPU
		{460C79FC-C4A1-4586-8BB6-47EEF1FDE294}.Release|Any CPU.Build.0 = Release|Any CPU
		{460C79FC-C4A1-4586-8BB6-47EEF1FDE294}.Release|x64.ActiveCfg = Release|Any CPU
		{460C79FC-C4A1-4586-8BB6-47EEF1FDE294}.Release|x64.Build.0 = Release|Any CPU
		{460C79FC-C4A1-4586-8BB6-47EEF1FDE294}.Release|x86.ActiveCfg = Release|Any CPU
		{460C79FC-C4A1-4586-8BB6-47EEF1FDE294}.Release|x86.Build.0 = Release|Any CPU
		{9E73A1CB-BDC5-4E28-86CB-9E8D0E35B62C}.Debug|Any CPU.ActiveCfg = Debug|Any CPU
		{9E73A1CB-BDC5-4E28-86CB-9E8D0E35B62C}.Debug|Any CPU.Build.0 = Debug|Any CPU
		{9E73A1CB-BDC5-4E28-86CB-9E8D0E35B62C}.Debug|x64.ActiveCfg = Debug|Any CPU
		{9E73A1CB-BDC5-4E28-86CB-9E8D0E35B62C}.Debug|x64.Build.0 = Debug|Any CPU
		{9E73A1CB-BDC5-4E28-86CB-9E8D0E35B62C}.Debug|x86.ActiveCfg = Debug|Any CPU
		{9E73A1CB-BDC5-4E28-86CB-9E8D0E35B62C}.Debug|x86.Build.0 = Debug|Any CPU
		{9E73A1CB-BDC5-4E28-86CB-9E8D0E35B62C}.Release|Any CPU.ActiveCfg = Release|Any CPU
		{9E73A1CB-BDC5-4E28-86CB-9E8D0E35B62C}.Release|Any CPU.Build.0 = Release|Any CPU
		{9E73A1CB-BDC5-4E28-86CB-9E8D0E35B62C}.Release|x64.ActiveCfg = Release|Any CPU
		{9E73A1CB-BDC5-4E28-86CB-9E8D0E35B62C}.Release|x64.Build.0 = Release|Any CPU
		{9E73A1CB-BDC5-4E28-86CB-9E8D0E35B62C}.Release|x86.ActiveCfg = Release|Any CPU
		{9E73A1CB-BDC5-4E28-86CB-9E8D0E35B62C}.Release|x86.Build.0 = Release|Any CPU
	EndGlobalSection
	GlobalSection(SolutionProperties) = preSolution
		HideSolutionNode = FALSE
	EndGlobalSection
	GlobalSection(NestedProjects) = preSolution
		{9E73A1CB-BDC5-4E28-86CB-9E8D0E35B62C} = {0AB3BF05-4346-4AA6-1389-037BE0695223}
	EndGlobalSection
EndGlobal
